
Microsoft Visual Studio Solution File, Format Version 12.00
# Visual Studio Version 16
VisualStudioVersion = 16.0.30717.126
MinimumVisualStudioVersion = 10.0.40219.1
Project("{9A19103F-16F7-4668-BE54-9A1E7A4F7556}") = "ASPNETCore5Sample", "ASPNETCore5Sample.csproj", "{569318E0-12E5-44E3-9AA5-8694B836DBC2}"
EndProject
Project("{00D1A9C2-B5F0-4AF3-8072-F6C62B433612}") = "ContosoUniversityDB", "..\ContosoUniversityDB\ContosoUniversityDB.sqlproj", "{8C732344-CBCB-400D-AC27-632BC123B8B1}"
EndProject
Project("{FAE04EC0-301F-11D3-BF4B-00C04F79EFBC}") = "ConsoleClient", "..\ConsoleClient\ConsoleClient.csproj", "{742470F8-4F0A-4582-A256-C974074DEC78}"
EndProject
Global
	GlobalSection(SolutionConfigurationPlatforms) = preSolution
		Debug|Any CPU = Debug|Any CPU
		Release|Any CPU = Release|Any CPU
	EndGlobalSection
	GlobalSection(ProjectConfigurationPlatforms) = postSolution
		{569318E0-12E5-44E3-9AA5-8694B836DBC2}.Debug|Any CPU.ActiveCfg = Debug|Any CPU
		{569318E0-12E5-44E3-9AA5-8694B836DBC2}.Debug|Any CPU.Build.0 = Debug|Any CPU
		{569318E0-12E5-44E3-9AA5-8694B836DBC2}.Release|Any CPU.ActiveCfg = Release|Any CPU
		{569318E0-12E5-44E3-9AA5-8694B836DBC2}.Release|Any CPU.Build.0 = Release|Any CPU
		{8C732344-CBCB-400D-AC27-632BC123B8B1}.Debug|Any CPU.ActiveCfg = Debug|Any CPU
		{8C732344-CBCB-400D-AC27-632BC123B8B1}.Debug|Any CPU.Build.0 = Debug|Any CPU
		{8C732344-CBCB-400D-AC27-632BC123B8B1}.Debug|Any CPU.Deploy.0 = Debug|Any CPU
		{8C732344-CBCB-400D-AC27-632BC123B8B1}.Release|Any CPU.ActiveCfg = Release|Any CPU
		{8C732344-CBCB-400D-AC27-632BC123B8B1}.Release|Any CPU.Build.0 = Release|Any CPU
		{8C732344-CBCB-400D-AC27-632BC123B8B1}.Release|Any CPU.Deploy.0 = Release|Any CPU
		{742470F8-4F0A-4582-A256-C974074DEC78}.Debug|Any CPU.ActiveCfg = Debug|Any CPU
		{742470F8-4F0A-4582-A256-C974074DEC78}.Debug|Any CPU.Build.0 = Debug|Any CPU
		{742470F8-4F0A-4582-A256-C974074DEC78}.Release|Any CPU.ActiveCfg = Release|Any CPU
		{742470F8-4F0A-4582-A256-C974074DEC78}.Release|Any CPU.Build.0 = Release|Any CPU
	EndGlobalSection
	GlobalSection(SolutionProperties) = preSolution
		HideSolutionNode = FALSE
	EndGlobalSection
	GlobalSection(ExtensibilityGlobals) = postSolution
		SolutionGuid = {C02263EA-35C5-47BE-81FE-F2954DF87DA0}
	EndGlobalSection
EndGlobal
